{
    "_meta": {
        "hash": {
            "sha256": "25680d5b67aba70a7ada2a70bd958fcbbc9dbcd5fed32e75d254c70a16e9230a"
        },
        "host-environment-markers": {
            "implementation_name": "cpython",
            "implementation_version": "0",
            "os_name": "posix",
            "platform_machine": "x86_64",
            "platform_python_implementation": "CPython",
            "platform_release": "4.18.0-18-generic",
            "platform_system": "Linux",
            "platform_version": "#19~18.04.1-Ubuntu SMP Fri Apr 5 10:22:13 UTC 2019",
            "python_full_version": "2.7.14",
            "python_version": "2.7",
            "sys_platform": "linux2"
        },
        "pipfile-spec": 6,
        "requires": {
            "python_version": "2.7"
        },
        "sources": [
            {
                "name": "pypi",
                "url": "https://pypi.python.org/simple",
                "verify_ssl": true
            }
        ]
    },
    "default": {
        "attrs": {
            "hashes": [
                "sha256:69c0dbf2ed392de1cb5ec704444b08a5ef81680a61cb899dc08127123af36a79",
                "sha256:f0b870f674851ecbfbbbd364d6b5cbdff9dcedbc7f3f5e18a6891057f21fe399"
            ],
            "version": "==19.1.0"
        },
        "django": {
            "hashes": [
                "sha256:885fadcbb8963c0ccda5d9d2cca792970b0289b4e662406b2de2b736ff46123d"
            ],
            "version": "==1.5.1"
        },
        "mysql-connector-python": {
            "hashes": [
                "sha256:62d323a6910ccdf05c582111e79fc0f2dcf65777db30019b3c8a23c3180e6e56",
                "sha256:6d38711cde96806dcc002625fa9fbf1dc6a03635c260835e82a9554960c2b204",
                "sha256:aa96468674ab27354f9b26da38bbd295dea2ac4051571db729b4f0710f336ce9",
                "sha256:c15bff383985a497b85dec1f9f755af7c33ab7e82883c5f311ead6980fdca8fc",
                "sha256:5a1e4724a02bd85b976e8aa345e8b8235b0e72c47e6a4921cec158e6dfecba93",
                "sha256:2121a32dfaf1ff5a41a7924fb5f03d66c307bac403a42581bc13f788574b8051",
                "sha256:71f1835f10e168f72cc82e5eb87c0ec3b186bc73c11555a25dbd066fce31ebe1",
                "sha256:1d6a15879f198b2e5938429a7547f68549bf18658e82a2a68a5b75ee23bd7a8c",
                "sha256:7f0c8d5bec3c926d6bbc91002dca0af5b6f249a2c003de304223b8c24cd1566e",
                "sha256:e898646878bd315e9cd7b738c293271e88d9a94efd260c8dc1bae80d60eade22",
                "sha256:7d39197048b9980471880b93b111e0f8e2c30a43c6f93fcfa5fec048c1d485b4",
                "sha256:ea7d80e2b406dba3b20836e95d76e926d0f80034e5a015c0d8309d820225cb5b",
                "sha256:aeeaabbae49d45435166404363283c80692141bc2a9f74239eee49c0fef77a7d",
                "sha256:817d99ab6b1dc7e56657c0bca0b2a4a0166c905b0a5f8a187e98581b09906770",
                "sha256:a21bcc329de1c8dacaf9f53cb04a50af9ea0185336942a0badc2dbaab3bcaf1c",
                "sha256:29c4dcfc8e4a6df70cfff87cf3787c8ea7596e6f0a2ad4416155850f541928f4",
                "sha256:cfddc27130a3a3b38f159611777b4ead2a02f8a88ecfb6921e9959bc0df6d97f",
                "sha256:51571919508cab8fa1e9b65879922b80b3cee58ed348660292b080ba8ad3a090",
                "sha256:5ce6a980062e2a7d447b98bef7d873aa26c6bbb987548a617b2d39a82c7d8d94"
            ],
            "version": "==8.0.16"
        },
        "mysql-python": {
            "hashes": [
                "sha256:ab22d1322099098730a57fd59d610f60738f95a1cb68dacca2d1c47cb0cbe8ee",
                "sha256:811040b647e5d5686f84db415efd697e6250008b112b6909ba77ac059e140c74"
            ],
            "version": "==1.2.5"
        },
        "protobuf": {
            "hashes": [
                "sha256:bd8592cc5f8b4371d0bad92543370d4658dc41a5ccaaf105597eb5524c616291",
                "sha256:86260ecfe7a66c0e9d82d2c61f86a14aa974d340d159b829b26f35f710f615db",
                "sha256:9c7b90943e0e188394b4f068926a759e3b4f63738190d1ab3d500d53b9ce7614",
                "sha256:b06a794901bf573f4b2af87e6139e5cd36ac7c91ac85d7ae3fe5b5f6fc317513",
                "sha256:67819e8e48a74c68d87f25cad9f40edfe2faf278cdba5ca73173211b9213b8c9",
                "sha256:d6e88c4920660aa75c0c2c4b53407aef5efd9a6e0ca7d2fc84d79aba2ccbda3a",
                "sha256:a77f217ea50b2542bae5b318f7acee50d9fc8c95dd6d3656eaeff646f7cab5ee",
                "sha256:7ee5b595db5abb0096e8c4755e69c20dfad38b2d0bcc9bc7bafc652d2496b471",
                "sha256:78e08371e236f193ce947712c072542ff19d0043ab5318c2ea46bbc2aaebdca6",
                "sha256:cc5eb13f5ccc4b1b642cc147c2cdd121a34278b341c7a4d79e91182fff425836",
                "sha256:ad589ed1d1f83db22df867b10e01fe445516a5a4d7cfa37fe3590a5f6cfc508b",
                "sha256:cd3b0e0ad69b74ee55e7c321f52a98effed2b4f4cc9a10f3683d869de00590d5",
                "sha256:92c77db4bd33ea4ee5f15152a835273f2338a5246b2cbb84bab5d0d7f6e9ba94",
                "sha256:be48e5a6248a928ec43adf2bea037073e5da692c0b3c10b34f9904793bd63138",
                "sha256:75da7d43a2c8a13b0bc7238ab3c8ae217cbfd5979d33b01e98e1f78defb2d060",
                "sha256:57e05e16955aee9e6a0389fcbd58d8289dd2420e47df1a1096b3a232c26eb2dd",
                "sha256:f1f5d8b8e0bc9651d81b40ad3d9fb7cdd858ea31fc116dd230393465849dbecd",
                "sha256:ec3c49b6d247152e19110c3a53d9bb4cf917747882017f70796460728b02722e",
                "sha256:21e395d7959551e759d604940a115c51c6347d90a475c9baf471a1a86b5604a9"
            ],
            "version": "==3.7.1"
        },
        "six": {
            "hashes": [
                "sha256:3350809f0555b11f552448330d0b52d5f24c91a322ea4a15ef22629740f3761c",
                "sha256:d16a0141ec1a18405cd4ce8b4613101da75da0e9a7aec5bdd4fa804d0e0eba73"
            ],
            "version": "==1.12.0"
        },
        "south": {
            "hashes": [
                "sha256:b695477fc7171d8844a0477a8caa688d6988d895ec14faa817f44def8a5d7845"
            ],
            "version": "==0.8.1"
        },
        "sqlalchemy": {
            "hashes": [
                "sha256:de3ac04ecab0a7e0af64eee30a71e723ba5886b958205f7354dd62439da60389"
            ],
            "version": "==0.9.8"
        }
    },
    "develop": {}
}
